{
  "lockfileVersion": 1,
  "configVersion": 1,
  "workspaces": {
    "": {
      "dependencies": {
        "@gsap/react": "^2.1.2",
        "gsap": "^3.15.0",
        "swiper": "^12.1.4",
        "zustand": "^5.0.12",
      },
    },
  },
  "packages": {
    "@gsap/react": ["@gsap/react@2.1.2", "", { "peerDependencies": { "gsap": "^3.12.5", "react": ">=17" } }, "sha512-JqliybO1837UcgH2hVOM4VO+38APk3ECNrsuSM4MuXp+rbf+/2IG2K1YJiqfTcXQHH7XlA0m3ykniFYstfq0Iw=="],

    "gsap": ["gsap@3.15.0", "", {}, "sha512-dMW4CWBTUK1AEEDeZc1g4xpPGIrSf9fJF960qbTZmN/QwZIWY5wgliS6JWl9/25fpTGJrMRtSjGtOmPnfjZB+A=="],

    "react": ["react@19.2.5", "", {}, "sha512-llUJLzz1zTUBrskt2pwZgLq59AemifIftw4aB7JxOqf1HY2FDaGDxgwpAPVzHU1kdWabH7FauP4i1oEeer2WCA=="],

    "swiper": ["swiper@12.1.4", "", {}, "sha512-bihiwoKMOQwW8FfdUbo1DgkVH25E+4ZELIq0oopL1KTKBteLuaTMi/wwFjMxtlhTkk45k3XQ89D1Fvv0spSqBA=="],

    "zustand": ["zustand@5.0.12", "", { "peerDependencies": { "@types/react": ">=18.0.0", "immer": ">=9.0.6", "react": ">=18.0.0", "use-sync-external-store": ">=1.2.0" }, "optionalPeers": ["@types/react", "immer", "react", "use-sync-external-store"] }, "sha512-i77ae3aZq4dhMlRhJVCYgMLKuSiZAaUPAct2AksxQ+gOtimhGMdXljRT21P5BNpeT4kXlLIckvkPM029OljD7g=="],
  }
}
